
Microsoft Visual Studio Solution File, Format Version 10.00
# Visual C# Express 2008
Project("{FAE04EC0-301F-11D3-BF4B-00C04F79EFBC}") = "R2Online", "R2Online\R2Online.csproj", "{9BCAC7AF-DA2E-4E2A-90B9-D896F6AE7065}"
EndProject
Global
	GlobalSection(SolutionConfigurationPlatforms) = preSolution
		Debug|Any CPU = Debug|Any CPU
		Release|Any CPU = Release|Any CPU
	EndGlobalSection
	GlobalSection(ProjectConfigurationPlatforms) = postSolution
		{9BCAC7AF-DA2E-4E2A-90B9-D896F6AE7065}.Debug|Any CPU.ActiveCfg = Debug|Any CPU
		{9BCAC7AF-DA2E-4E2A-90B9-D896F6AE7065}.Debug|Any CPU.Build.0 = Debug|Any CPU
		{9BCAC7AF-DA2E-4E2A-90B9-D896F6AE7065}.Release|Any CPU.ActiveCfg = Release|Any CPU
		{9BCAC7AF-DA2E-4E2A-90B9-D896F6AE7065}.Release|Any CPU.Build.0 = Release|Any CPU
	EndGlobalSection
	GlobalSection(SolutionProperties) = preSolution
		HideSolutionNode = FALSE
	EndGlobalSection
EndGlobal
