
Microsoft Visual Studio Solution File, Format Version 12.00
# Visual Studio Version 17
VisualStudioVersion = 17.7.34202.233
MinimumVisualStudioVersion = 10.0.40219.1
Project("{778DAE3C-4631-46EA-AA77-85C1314464D9}") = "WinFormsApp1", "WinFormsApp1\WinFormsApp1.vbproj", "{926756DE-3AC7-4FFE-B2AC-EA9647378A2C}"
EndProject
Global
	GlobalSection(SolutionConfigurationPlatforms) = preSolution
		Debug|Any CPU = Debug|Any CPU
		Debug|x64 = Debug|x64
		Release|Any CPU = Release|Any CPU
		Release|x64 = Release|x64
	EndGlobalSection
	GlobalSection(ProjectConfigurationPlatforms) = postSolution
		{926756DE-3AC7-4FFE-B2AC-EA9647378A2C}.Debug|Any CPU.ActiveCfg = Debug|Any CPU
		{926756DE-3AC7-4FFE-B2AC-EA9647378A2C}.Debug|Any CPU.Build.0 = Debug|Any CPU
		{926756DE-3AC7-4FFE-B2AC-EA9647378A2C}.Debug|x64.ActiveCfg = Debug|Any CPU
		{926756DE-3AC7-4FFE-B2AC-EA9647378A2C}.Debug|x64.Build.0 = Debug|Any CPU
		{926756DE-3AC7-4FFE-B2AC-EA9647378A2C}.Release|Any CPU.ActiveCfg = Release|Any CPU
		{926756DE-3AC7-4FFE-B2AC-EA9647378A2C}.Release|Any CPU.Build.0 = Release|Any CPU
		{926756DE-3AC7-4FFE-B2AC-EA9647378A2C}.Release|x64.ActiveCfg = Release|x64
		{926756DE-3AC7-4FFE-B2AC-EA9647378A2C}.Release|x64.Build.0 = Release|x64
	EndGlobalSection
	GlobalSection(SolutionProperties) = preSolution
		HideSolutionNode = FALSE
	EndGlobalSection
	GlobalSection(ExtensibilityGlobals) = postSolution
		SolutionGuid = {484B13F4-C0A4-44D3-97A9-B19F0274516A}
	EndGlobalSection
EndGlobal
